hash: 2bb85f3979774298303f0df3dae59299cd63c0b88bb310a01a3cecd54f06eb93
updated: 2017-12-22T13:49:10.552374608Z
imports:
- name: github.com/armon/go-metrics
  version: 7aa49fde808223f8dadfdbfd3a20ff6c19e5f9ec
- name: github.com/dgrijalva/jwt-go
  version: dbeaa9332f19a944acb5736b4456cfcc02140e29
- name: github.com/dimfeld/httppath
  version: ee938bf735983d53694d79138ad9820efff94c92
- name: github.com/dimfeld/httptreemux
  version: 8cc36ee10f84b82d0742ffcab770815c7d3f9ad7
- name: github.com/goadesign/goa
  version: 4be504b4be3e40368f1993755686da3c572e5197
  vcs: git
  subpackages:
  - client
  - cors
  - design
  - design/apidsl
  - dslengine
  - goagen
  - goatest
  - middleware
  - middleware/security/jwt
  - uuid
- name: github.com/hashicorp/go-immutable-radix
  version: 8aac2701530899b64bdea735a1de8da899815220
- name: github.com/hashicorp/golang-lru
  version: 0a025b7e63adc15a622f29b0b2c4c3848243bbf6
  subpackages:
  - simplelru
- name: github.com/inconshreveable/mousetrap
  version: 76626ae9c91c4f2a10f34cad8ce83ea42c93bb75
- name: github.com/manveru/faker
  version: 9fbc68a78c4dbc7914e1a23f88f126bea4383b97
- name: github.com/NaySoftware/go-fcm
  version: 2a6c4f48b49f0d5dbfe621589da4c5405157d7c9
- name: github.com/satori/go.uuid
  version: 5bf94b69c6b68ee1b541973bb8e1144db23a194b
- name: github.com/spf13/cobra
  version: ccaecb155a2177302cb56cae929251a256d0f646
- name: github.com/spf13/pflag
  version: 4c012f6dcd9546820e378d0bdda4d8fc772cdfea
- name: github.com/zach-klippenstein/goregen
  version: 795b5e3961ea1912fde60af417ad85e86acc0d6a
- name: golang.org/x/crypto
  version: d585fd2cc9195196078f516b69daff6744ef5e84
  subpackages:
  - bcrypt
  - blowfish
  - scrypt
- name: golang.org/x/net
  version: d866cfc389cec985d6fda2859936a575a55a3ab6
  subpackages:
  - websocket
- name: golang.org/x/tools
  version: ae8cc594552814363a7aeeb4f2825515a771fa38
  subpackages:
  - go/ast/astutil
- name: gopkg.in/yaml.v2
  version: 287cf08546ab5e7e37d55a84f7ed3fd1db036de5
- name: labix.org/v2/mgo
  version: "287"
  subpackages:
  - bson
  - sasl
testImports: []
